
Microsoft Visual Studio Solution File, Format Version 12.00
# Visual Studio 15
VisualStudioVersion = 15.0.27428.2011
MinimumVisualStudioVersion = 10.0.40219.1
Project("{FAE04EC0-301F-11D3-BF4B-00C04F79EFBC}") = "StripeDemo", "StripeDemo\StripeDemo.csproj", "{13373BC6-6B54-4FAA-ACDE-C8FBECE38E55}"
EndProject
Project("{FAE04EC0-301F-11D3-BF4B-00C04F79EFBC}") = "StripeDemo.Tests", "StripeDemo.Tests\StripeDemo.Tests.csproj", "{7F39A8FC-1116-4953-BC7A-CBB6564CD7FE}"
EndProject
Global
	GlobalSection(SolutionConfigurationPlatforms) = preSolution
		Debug|Any CPU = Debug|Any CPU
		Release|Any CPU = Release|Any CPU
	EndGlobalSection
	GlobalSection(ProjectConfigurationPlatforms) = postSolution
		{13373BC6-6B54-4FAA-ACDE-C8FBECE38E55}.Debug|Any CPU.ActiveCfg = Debug|Any CPU
		{13373BC6-6B54-4FAA-ACDE-C8FBECE38E55}.Debug|Any CPU.Build.0 = Debug|Any CPU
		{13373BC6-6B54-4FAA-ACDE-C8FBECE38E55}.Release|Any CPU.ActiveCfg = Release|Any CPU
		{13373BC6-6B54-4FAA-ACDE-C8FBECE38E55}.Release|Any CPU.Build.0 = Release|Any CPU
		{7F39A8FC-1116-4953-BC7A-CBB6564CD7FE}.Debug|Any CPU.ActiveCfg = Debug|Any CPU
		{7F39A8FC-1116-4953-BC7A-CBB6564CD7FE}.Debug|Any CPU.Build.0 = Debug|Any CPU
		{7F39A8FC-1116-4953-BC7A-CBB6564CD7FE}.Release|Any CPU.ActiveCfg = Release|Any CPU
		{7F39A8FC-1116-4953-BC7A-CBB6564CD7FE}.Release|Any CPU.Build.0 = Release|Any CPU
	EndGlobalSection
	GlobalSection(SolutionProperties) = preSolution
		HideSolutionNode = FALSE
	EndGlobalSection
	GlobalSection(ExtensibilityGlobals) = postSolution
		SolutionGuid = {C4BF83ED-B1EE-4F8D-9852-192BD81ED970}
	EndGlobalSection
EndGlobal
